
Microsoft Visual Studio Solution File, Format Version 12.00
# Visual Studio Version 16
VisualStudioVersion = 16.0.28803.916
MinimumVisualStudioVersion = 10.0.40219.1
Project("{FAE04EC0-301F-11D3-BF4B-00C04F79EFBC}") = "Prj028_BD", "Prj028_BD\Prj028_BD.csproj", "{00A6069F-E9F5-4E0B-956E-1EC05FC79E43}"
EndProject
Global
	GlobalSection(SolutionConfigurationPlatforms) = preSolution
		Debug|Any CPU = Debug|Any CPU
		Release|Any CPU = Release|Any CPU
	EndGlobalSection
	GlobalSection(ProjectConfigurationPlatforms) = postSolution
		{00A6069F-E9F5-4E0B-956E-1EC05FC79E43}.Debug|Any CPU.ActiveCfg = Debug|Any CPU
		{00A6069F-E9F5-4E0B-956E-1EC05FC79E43}.Debug|Any CPU.Build.0 = Debug|Any CPU
		{00A6069F-E9F5-4E0B-956E-1EC05FC79E43}.Release|Any CPU.ActiveCfg = Release|Any CPU
		{00A6069F-E9F5-4E0B-956E-1EC05FC79E43}.Release|Any CPU.Build.0 = Release|Any CPU
	EndGlobalSection
	GlobalSection(SolutionProperties) = preSolution
		HideSolutionNode = FALSE
	EndGlobalSection
	GlobalSection(ExtensibilityGlobals) = postSolution
		SolutionGuid = {AF998685-CE70-4BB2-A32C-A53564C123DB}
	EndGlobalSection
EndGlobal
