
Microsoft Visual Studio Solution File, Format Version 12.00
# Visual Studio Version 16
VisualStudioVersion = 16.0.28803.916
MinimumVisualStudioVersion = 10.0.40219.1
Project("{FAE04EC0-301F-11D3-BF4B-00C04F79EFBC}") = "Prj015_Lucas", "Prj015_Lucas\Prj015_Lucas.csproj", "{15A48B89-1BE0-41B6-B4A0-7C5557F84F3A}"
EndProject
Global
	GlobalSection(SolutionConfigurationPlatforms) = preSolution
		Debug|Any CPU = Debug|Any CPU
		Release|Any CPU = Release|Any CPU
	EndGlobalSection
	GlobalSection(ProjectConfigurationPlatforms) = postSolution
		{15A48B89-1BE0-41B6-B4A0-7C5557F84F3A}.Debug|Any CPU.ActiveCfg = Debug|Any CPU
		{15A48B89-1BE0-41B6-B4A0-7C5557F84F3A}.Debug|Any CPU.Build.0 = Debug|Any CPU
		{15A48B89-1BE0-41B6-B4A0-7C5557F84F3A}.Release|Any CPU.ActiveCfg = Release|Any CPU
		{15A48B89-1BE0-41B6-B4A0-7C5557F84F3A}.Release|Any CPU.Build.0 = Release|Any CPU
	EndGlobalSection
	GlobalSection(SolutionProperties) = preSolution
		HideSolutionNode = FALSE
	EndGlobalSection
	GlobalSection(ExtensibilityGlobals) = postSolution
		SolutionGuid = {A3BB09E2-2CAF-435E-A1BC-F8D04FAF6909}
	EndGlobalSection
EndGlobal
