
Microsoft Visual Studio Solution File, Format Version 12.00
# Visual Studio Version 16
VisualStudioVersion = 16.0.28803.916
MinimumVisualStudioVersion = 10.0.40219.1
Project("{FAE04EC0-301F-11D3-BF4B-00C04F79EFBC}") = "Prj010_Lucas", "Prj010_Lucas\Prj010_Lucas.csproj", "{0EB61909-288E-4B44-92DF-F249A6247467}"
EndProject
Global
	GlobalSection(SolutionConfigurationPlatforms) = preSolution
		Debug|Any CPU = Debug|Any CPU
		Release|Any CPU = Release|Any CPU
	EndGlobalSection
	GlobalSection(ProjectConfigurationPlatforms) = postSolution
		{0EB61909-288E-4B44-92DF-F249A6247467}.Debug|Any CPU.ActiveCfg = Debug|Any CPU
		{0EB61909-288E-4B44-92DF-F249A6247467}.Debug|Any CPU.Build.0 = Debug|Any CPU
		{0EB61909-288E-4B44-92DF-F249A6247467}.Release|Any CPU.ActiveCfg = Release|Any CPU
		{0EB61909-288E-4B44-92DF-F249A6247467}.Release|Any CPU.Build.0 = Release|Any CPU
	EndGlobalSection
	GlobalSection(SolutionProperties) = preSolution
		HideSolutionNode = FALSE
	EndGlobalSection
	GlobalSection(ExtensibilityGlobals) = postSolution
		SolutionGuid = {5C5C2CC9-ED8B-4D1C-8F88-012A46C60A3B}
	EndGlobalSection
EndGlobal
