
Microsoft Visual Studio Solution File, Format Version 12.00
# Visual Studio Version 16
VisualStudioVersion = 16.0.28803.916
MinimumVisualStudioVersion = 10.0.40219.1
Project("{FAE04EC0-301F-11D3-BF4B-00C04F79EFBC}") = "Prj026_Lucas", "Prj026_Lucas\Prj026_Lucas.csproj", "{33D0B1AB-B6DC-428F-987C-809212520D53}"
EndProject
Global
	GlobalSection(SolutionConfigurationPlatforms) = preSolution
		Debug|Any CPU = Debug|Any CPU
		Release|Any CPU = Release|Any CPU
	EndGlobalSection
	GlobalSection(ProjectConfigurationPlatforms) = postSolution
		{33D0B1AB-B6DC-428F-987C-809212520D53}.Debug|Any CPU.ActiveCfg = Debug|Any CPU
		{33D0B1AB-B6DC-428F-987C-809212520D53}.Debug|Any CPU.Build.0 = Debug|Any CPU
		{33D0B1AB-B6DC-428F-987C-809212520D53}.Release|Any CPU.ActiveCfg = Release|Any CPU
		{33D0B1AB-B6DC-428F-987C-809212520D53}.Release|Any CPU.Build.0 = Release|Any CPU
	EndGlobalSection
	GlobalSection(SolutionProperties) = preSolution
		HideSolutionNode = FALSE
	EndGlobalSection
	GlobalSection(ExtensibilityGlobals) = postSolution
		SolutionGuid = {D10BC882-36B0-4ABC-8C5A-7143143E71C8}
	EndGlobalSection
EndGlobal
