
Microsoft Visual Studio Solution File, Format Version 12.00
# Visual Studio Version 16
VisualStudioVersion = 16.0.28803.916
MinimumVisualStudioVersion = 10.0.40219.1
Project("{FAE04EC0-301F-11D3-BF4B-00C04F79EFBC}") = "Prj023_POO_LPOO_Lucas", "Prj023_POO_LPOO_Lucas.csproj", "{5D742AD7-00B8-4707-8DF1-0D82BF7BE725}"
EndProject
Global
	GlobalSection(SolutionConfigurationPlatforms) = preSolution
		Debug|Any CPU = Debug|Any CPU
		Release|Any CPU = Release|Any CPU
	EndGlobalSection
	GlobalSection(ProjectConfigurationPlatforms) = postSolution
		{5D742AD7-00B8-4707-8DF1-0D82BF7BE725}.Debug|Any CPU.ActiveCfg = Debug|Any CPU
		{5D742AD7-00B8-4707-8DF1-0D82BF7BE725}.Debug|Any CPU.Build.0 = Debug|Any CPU
		{5D742AD7-00B8-4707-8DF1-0D82BF7BE725}.Release|Any CPU.ActiveCfg = Release|Any CPU
		{5D742AD7-00B8-4707-8DF1-0D82BF7BE725}.Release|Any CPU.Build.0 = Release|Any CPU
	EndGlobalSection
	GlobalSection(SolutionProperties) = preSolution
		HideSolutionNode = FALSE
	EndGlobalSection
	GlobalSection(ExtensibilityGlobals) = postSolution
		SolutionGuid = {85886581-5609-4A1E-9E50-558812045978}
	EndGlobalSection
EndGlobal
